
Microsoft Visual Studio Solution File, Format Version 12.00
Project("{FAE04EC0-301F-11D3-BF4B-00C04F79EFBC}") = "RevitPlugin", "RevitPlugin\RevitPlugin.csproj", "{819CC46C-9665-45BA-A007-FE0E5364C3B1}"
EndProject
Global
	GlobalSection(SolutionConfigurationPlatforms) = preSolution
		Debug|Any CPU = Debug|Any CPU
		Release|Any CPU = Release|Any CPU
	EndGlobalSection
	GlobalSection(ProjectConfigurationPlatforms) = postSolution
		{819CC46C-9665-45BA-A007-FE0E5364C3B1}.Debug|Any CPU.ActiveCfg = Debug|Any CPU
		{819CC46C-9665-45BA-A007-FE0E5364C3B1}.Debug|Any CPU.Build.0 = Debug|Any CPU
		{819CC46C-9665-45BA-A007-FE0E5364C3B1}.Release|Any CPU.ActiveCfg = Release|Any CPU
		{819CC46C-9665-45BA-A007-FE0E5364C3B1}.Release|Any CPU.Build.0 = Release|Any CPU
	EndGlobalSection
EndGlobal
